// !$*UTF8*$!
{
	archiveVersion = 1;
	classes = {
	};
	objectVersion = 77;
	objects = {

/* Begin PBXBuildFile section */
		1EF1CA4E3D27986AD48D9BA0 /* Pods_AllSee_AllSeeUITests.framework in Frameworks */ = {isa = PBXBuildFile; fileRef = 15F9D9CF56F2A2278B29ACE4 /* Pods_AllSee_AllSeeUITests.framework */; };
		62A5921A2A27375F016B6352 /* Pods_AllSee.framework in Frameworks */ = {isa = PBXBuildFile; fileRef = 466B68D1113F4AB8E7B48B14 /* Pods_AllSee.framework */; };
		B47622DD487C94B640C16DBB /* Pods_AllSeeTests.framework in Frameworks */ = {isa = PBXBuildFile; fileRef = 60D77C2B9666510D25195F49 /* Pods_AllSeeTests.framework */; };
/* End PBXBuildFile section */

/* Begin PBXContainerItemProxy section */
		7D50582E2E22E2FA0096D0C0 /* PBXContainerItemProxy */ = {
			isa = PBXContainerItemProxy;
			containerPortal = 7D50580F2E22E2F80096D0C0 /* Project object */;
			proxyType = 1;
			remoteGlobalIDString = 7D5058162E22E2F80096D0C0;
			remoteInfo = AllSee;
		};
		7D5058382E22E2FA0096D0C0 /* PBXContainerItemProxy */ = {
			isa = PBXContainerItemProxy;
			containerPortal = 7D50580F2E22E2F80096D0C0 /* Project object */;
			proxyType = 1;
			remoteGlobalIDString = 7D5058162E22E2F80096D0C0;
			remoteInfo = AllSee;
		};
/* End PBXContainerItemProxy section */

/* Begin PBXFileReference section */
		14D25482B343B76405315178 /* Pods-AllSeeTests.release.xcconfig */ = {isa = PBXFileReference; includeInIndex = 1; lastKnownFileType = text.xcconfig; name = "Pods-AllSeeTests.release.xcconfig"; path = "Target Support Files/Pods-AllSeeTests/Pods-AllSeeTests.release.xcconfig"; sourceTree = "<group>"; };
		15F9D9CF56F2A2278B29ACE4 /* Pods_AllSee_AllSeeUITests.framework */ = {isa = PBXFileReference; explicitFileType = wrapper.framework; includeInIndex = 0; path = Pods_AllSee_AllSeeUITests.framework; sourceTree = BUILT_PRODUCTS_DIR; };
		466B68D1113F4AB8E7B48B14 /* Pods_AllSee.framework */ = {isa = PBXFileReference; explicitFileType = wrapper.framework; includeInIndex = 0; path = Pods_AllSee.framework; sourceTree = BUILT_PRODUCTS_DIR; };
		4858A006CA6843AA0F3930B3 /* Pods-AllSee-AllSeeUITests.debug.xcconfig */ = {isa = PBXFileReference; includeInIndex = 1; lastKnownFileType = text.xcconfig; name = "Pods-AllSee-AllSeeUITests.debug.xcconfig"; path = "Target Support Files/Pods-AllSee-AllSeeUITests/Pods-AllSee-AllSeeUITests.debug.xcconfig"; sourceTree = "<group>"; };
		60D77C2B9666510D25195F49 /* Pods_AllSeeTests.framework */ = {isa = PBXFileReference; explicitFileType = wrapper.framework; includeInIndex = 0; path = Pods_AllSeeTests.framework; sourceTree = BUILT_PRODUCTS_DIR; };
		698C28B8D3861E2583622A57 /* Pods-AllSee-AllSeeUITests.release.xcconfig */ = {isa = PBXFileReference; includeInIndex = 1; lastKnownFileType = text.xcconfig; name = "Pods-AllSee-AllSeeUITests.release.xcconfig"; path = "Target Support Files/Pods-AllSee-AllSeeUITests/Pods-AllSee-AllSeeUITests.release.xcconfig"; sourceTree = "<group>"; };
		7B1C0728E456444532BC59F9 /* Pods-AllSee.release.xcconfig */ = {isa = PBXFileReference; includeInIndex = 1; lastKnownFileType = text.xcconfig; name = "Pods-AllSee.release.xcconfig"; path = "Target Support Files/Pods-AllSee/Pods-AllSee.release.xcconfig"; sourceTree = "<group>"; };
		7D5058172E22E2F80096D0C0 /* AllSee.app */ = {isa = PBXFileReference; explicitFileType = wrapper.application; includeInIndex = 0; path = AllSee.app; sourceTree = BUILT_PRODUCTS_DIR; };
		7D50582D2E22E2FA0096D0C0 /* AllSeeTests.xctest */ = {isa = PBXFileReference; explicitFileType = wrapper.cfbundle; includeInIndex = 0; path = AllSeeTests.xctest; sourceTree = BUILT_PRODUCTS_DIR; };
		7D5058372E22E2FA0096D0C0 /* AllSeeUITests.xctest */ = {isa = PBXFileReference; explicitFileType = wrapper.cfbundle; includeInIndex = 0; path = AllSeeUITests.xctest; sourceTree = BUILT_PRODUCTS_DIR; };
		8F89AE69F555E3D2A3D52FF6 /* Pods-AllSee.debug.xcconfig */ = {isa = PBXFileReference; includeInIndex = 1; lastKnownFileType = text.xcconfig; name = "Pods-AllSee.debug.xcconfig"; path = "Target Support Files/Pods-AllSee/Pods-AllSee.debug.xcconfig"; sourceTree = "<group>"; };
		ADAB22804124FA7D50C05CFD /* Pods-AllSeeTests.debug.xcconfig */ = {isa = PBXFileReference; includeInIndex = 1; lastKnownFileType = text.xcconfig; name = "Pods-AllSeeTests.debug.xcconfig"; path = "Target Support Files/Pods-AllSeeTests/Pods-AllSeeTests.debug.xcconfig"; sourceTree = "<group>"; };
/* End PBXFileReference section */

/* Begin PBXFileSystemSynchronizedBuildFileExceptionSet section */
		7D50583F2E22E2FA0096D0C0 /* Exceptions for "AllSee" folder in "AllSee" target */ = {
			isa = PBXFileSystemSynchronizedBuildFileExceptionSet;
			membershipExceptions = (
				Info.plist,
			);
			target = 7D5058162E22E2F80096D0C0 /* AllSee */;
		};
/* End PBXFileSystemSynchronizedBuildFileExceptionSet section */

/* Begin PBXFileSystemSynchronizedRootGroup section */
		7D5058192E22E2F80096D0C0 /* AllSee */ = {
			isa = PBXFileSystemSynchronizedRootGroup;
			exceptions = (
				7D50583F2E22E2FA0096D0C0 /* Exceptions for "AllSee" folder in "AllSee" target */,
			);
			path = AllSee;
			sourceTree = "<group>";
		};
		7D5058302E22E2FA0096D0C0 /* AllSeeTests */ = {
			isa = PBXFileSystemSynchronizedRootGroup;
			path = AllSeeTests;
			sourceTree = "<group>";
		};
		7D50583A2E22E2FA0096D0C0 /* AllSeeUITests */ = {
			isa = PBXFileSystemSynchronizedRootGroup;
			path = AllSeeUITests;
			sourceTree = "<group>";
		};
/* End PBXFileSystemSynchronizedRootGroup section */

/* Begin PBXFrameworksBuildPhase section */
		7D5058142E22E2F80096D0C0 /* Frameworks */ = {
			isa = PBXFrameworksBuildPhase;
			buildActionMask = 2147483647;
			files = (
				62A5921A2A27375F016B6352 /* Pods_AllSee.framework in Frameworks */,
			);
			runOnlyForDeploymentPostprocessing = 0;
		};
		7D50582A2E22E2FA0096D0C0 /* Frameworks */ = {
			isa = PBXFrameworksBuildPhase;
			buildActionMask = 2147483647;
			files = (
				B47622DD487C94B640C16DBB /* Pods_AllSeeTests.framework in Frameworks */,
			);
			runOnlyForDeploymentPostprocessing = 0;
		};
		7D5058342E22E2FA0096D0C0 /* Frameworks */ = {
			isa = PBXFrameworksBuildPhase;
			buildActionMask = 2147483647;
			files = (
				1EF1CA4E3D27986AD48D9BA0 /* Pods_AllSee_AllSeeUITests.framework in Frameworks */,
			);
			runOnlyForDeploymentPostprocessing = 0;
		};
/* End PBXFrameworksBuildPhase section */

/* Begin PBXGroup section */
		7D50580E2E22E2F80096D0C0 = {
			isa = PBXGroup;
			children = (
				7D5058192E22E2F80096D0C0 /* AllSee */,
				7D5058302E22E2FA0096D0C0 /* AllSeeTests */,
				7D50583A2E22E2FA0096D0C0 /* AllSeeUITests */,
				7D5058182E22E2F80096D0C0 /* Products */,
				E8065DE9EE4A4A28727E7D81 /* Pods */,
				DDE407E604F9B583364B8CB3 /* Frameworks */,
			);
			sourceTree = "<group>";
		};
		7D5058182E22E2F80096D0C0 /* Products */ = {
			isa = PBXGroup;
			children = (
				7D5058172E22E2F80096D0C0 /* AllSee.app */,
				7D50582D2E22E2FA0096D0C0 /* AllSeeTests.xctest */,
				7D5058372E22E2FA0096D0C0 /* AllSeeUITests.xctest */,
			);
			name = Products;
			sourceTree = "<group>";
		};
		DDE407E604F9B583364B8CB3 /* Frameworks */ = {
			isa = PBXGroup;
			children = (
				466B68D1113F4AB8E7B48B14 /* Pods_AllSee.framework */,
				15F9D9CF56F2A2278B29ACE4 /* Pods_AllSee_AllSeeUITests.framework */,
				60D77C2B9666510D25195F49 /* Pods_AllSeeTests.framework */,
			);
			name = Frameworks;
			sourceTree = "<group>";
		};
		E8065DE9EE4A4A28727E7D81 /* Pods */ = {
			isa = PBXGroup;
			children = (
				8F89AE69F555E3D2A3D52FF6 /* Pods-AllSee.debug.xcconfig */,
				7B1C0728E456444532BC59F9 /* Pods-AllSee.release.xcconfig */,
				4858A006CA6843AA0F3930B3 /* Pods-AllSee-AllSeeUITests.debug.xcconfig */,
				698C28B8D3861E2583622A57 /* Pods-AllSee-AllSeeUITests.release.xcconfig */,
				ADAB22804124FA7D50C05CFD /* Pods-AllSeeTests.debug.xcconfig */,
				14D25482B343B76405315178 /* Pods-AllSeeTests.release.xcconfig */,
			);
			path = Pods;
			sourceTree = "<group>";
		};
/* End PBXGroup section */

/* Begin PBXNativeTarget section */
		7D5058162E22E2F80096D0C0 /* AllSee */ = {
			isa = PBXNativeTarget;
			buildConfigurationList = 7D5058402E22E2FA0096D0C0 /* Build configuration list for PBXNativeTarget "AllSee" */;
			buildPhases = (
				4240352F428D65FC478982C7 /* [CP] Check Pods Manifest.lock */,
				7D5058132E22E2F80096D0C0 /* Sources */,
				7D5058142E22E2F80096D0C0 /* Frameworks */,
				7D5058152E22E2F80096D0C0 /* Resources */,
				C7FC22B2345781EF3D35E74B /* [CP] Embed Pods Frameworks */,
			);
			buildRules = (
			);
			dependencies = (
			);
			fileSystemSynchronizedGroups = (
				7D5058192E22E2F80096D0C0 /* AllSee */,
			);
			name = AllSee;
			productName = AllSee;
			productReference = 7D5058172E22E2F80096D0C0 /* AllSee.app */;
			productType = "com.apple.product-type.application";
		};
		7D50582C2E22E2FA0096D0C0 /* AllSeeTests */ = {
			isa = PBXNativeTarget;
			buildConfigurationList = 7D5058452E22E2FA0096D0C0 /* Build configuration list for PBXNativeTarget "AllSeeTests" */;
			buildPhases = (
				3D3307A61290F709F4D73572 /* [CP] Check Pods Manifest.lock */,
				7D5058292E22E2FA0096D0C0 /* Sources */,
				7D50582A2E22E2FA0096D0C0 /* Frameworks */,
				7D50582B2E22E2FA0096D0C0 /* Resources */,
				E104C3CC5171E9017A570823 /* [CP] Embed Pods Frameworks */,
			);
			buildRules = (
			);
			dependencies = (
				7D50582F2E22E2FA0096D0C0 /* PBXTargetDependency */,
			);
			fileSystemSynchronizedGroups = (
				7D5058302E22E2FA0096D0C0 /* AllSeeTests */,
			);
			name = AllSeeTests;
			productName = AllSeeTests;
			productReference = 7D50582D2E22E2FA0096D0C0 /* AllSeeTests.xctest */;
			productType = "com.apple.product-type.bundle.unit-test";
		};
		7D5058362E22E2FA0096D0C0 /* AllSeeUITests */ = {
			isa = PBXNativeTarget;
			buildConfigurationList = 7D5058482E22E2FA0096D0C0 /* Build configuration list for PBXNativeTarget "AllSeeUITests" */;
			buildPhases = (
				A15DB1D0862DCB8195B3CCA6 /* [CP] Check Pods Manifest.lock */,
				7D5058332E22E2FA0096D0C0 /* Sources */,
				7D5058342E22E2FA0096D0C0 /* Frameworks */,
				7D5058352E22E2FA0096D0C0 /* Resources */,
				A746DA4BB1A9EF70E8B763F2 /* [CP] Embed Pods Frameworks */,
			);
			buildRules = (
			);
			dependencies = (
				7D5058392E22E2FA0096D0C0 /* PBXTargetDependency */,
			);
			fileSystemSynchronizedGroups = (
				7D50583A2E22E2FA0096D0C0 /* AllSeeUITests */,
			);
			name = AllSeeUITests;
			productName = AllSeeUITests;
			productReference = 7D5058372E22E2FA0096D0C0 /* AllSeeUITests.xctest */;
			productType = "com.apple.product-type.bundle.ui-testing";
		};
/* End PBXNativeTarget section */

/* Begin PBXProject section */
		7D50580F2E22E2F80096D0C0 /* Project object */ = {
			isa = PBXProject;
			attributes = {
				BuildIndependentTargetsInParallel = 1;
				LastSwiftUpdateCheck = 1640;
				LastUpgradeCheck = 1640;
				TargetAttributes = {
					7D5058162E22E2F80096D0C0 = {
						CreatedOnToolsVersion = 16.4;
					};
					7D50582C2E22E2FA0096D0C0 = {
						CreatedOnToolsVersion = 16.4;
						TestTargetID = 7D5058162E22E2F80096D0C0;
					};
					7D5058362E22E2FA0096D0C0 = {
						CreatedOnToolsVersion = 16.4;
						TestTargetID = 7D5058162E22E2F80096D0C0;
					};
				};
			};
			buildConfigurationList = 7D5058122E22E2F80096D0C0 /* Build configuration list for PBXProject "AllSee" */;
			developmentRegion = en;
			hasScannedForEncodings = 0;
			knownRegions = (
				en,
				Base,
			);
			mainGroup = 7D50580E2E22E2F80096D0C0;
			minimizedProjectReferenceProxies = 1;
			preferredProjectObjectVersion = 77;
			productRefGroup = 7D5058182E22E2F80096D0C0 /* Products */;
			projectDirPath = "";
			projectRoot = "";
			targets = (
				7D5058162E22E2F80096D0C0 /* AllSee */,
				7D50582C2E22E2FA0096D0C0 /* AllSeeTests */,
				7D5058362E22E2FA0096D0C0 /* AllSeeUITests */,
			);
		};
/* End PBXProject section */

/* Begin PBXResourcesBuildPhase section */
		7D5058152E22E2F80096D0C0 /* Resources */ = {
			isa = PBXResourcesBuildPhase;
			buildActionMask = 2147483647;
			files = (
			);
			runOnlyForDeploymentPostprocessing = 0;
		};
		7D50582B2E22E2FA0096D0C0 /* Resources */ = {
			isa = PBXResourcesBuildPhase;
			buildActionMask = 2147483647;
			files = (
			);
			runOnlyForDeploymentPostprocessing = 0;
		};
		7D5058352E22E2FA0096D0C0 /* Resources */ = {
			isa = PBXResourcesBuildPhase;
			buildActionMask = 2147483647;
			files = (
			);
			runOnlyForDeploymentPostprocessing = 0;
		};
/* End PBXResourcesBuildPhase section */

/* Begin PBXShellScriptBuildPhase section */
		3D3307A61290F709F4D73572 /* [CP] Check Pods Manifest.lock */ = {
			isa = PBXShellScriptBuildPhase;
			buildActionMask = 2147483647;
			files = (
			);
			inputFileListPaths = (
			);
			inputPaths = (
				"${PODS_PODFILE_DIR_PATH}/Podfile.lock",
				"${PODS_ROOT}/Manifest.lock",
			);
			name = "[CP] Check Pods Manifest.lock";
			outputFileListPaths = (
			);
			outputPaths = (
				"$(DERIVED_FILE_DIR)/Pods-AllSeeTests-checkManifestLockResult.txt",
			);
			runOnlyForDeploymentPostprocessing = 0;
			shellPath = /bin/sh;
			shellScript = "diff \"${PODS_PODFILE_DIR_PATH}/Podfile.lock\" \"${PODS_ROOT}/Manifest.lock\" > /dev/null\nif [ $? != 0 ] ; then\n    # print error to STDERR\n    echo \"error: The sandbox is not in sync with the Podfile.lock. Run 'pod install' or update your CocoaPods installation.\" >&2\n    exit 1\nfi\n# This output is used by Xcode 'outputs' to avoid re-running this script phase.\necho \"SUCCESS\" > \"${SCRIPT_OUTPUT_FILE_0}\"\n";
			showEnvVarsInLog = 0;
		};
		4240352F428D65FC478982C7 /* [CP] Check Pods Manifest.lock */ = {
			isa = PBXShellScriptBuildPhase;
			buildActionMask = 2147483647;
			files = (
			);
			inputFileListPaths = (
			);
			inputPaths = (
				"${PODS_PODFILE_DIR_PATH}/Podfile.lock",
				"${PODS_ROOT}/Manifest.lock",
			);
			name = "[CP] Check Pods Manifest.lock";
			outputFileListPaths = (
			);
			outputPaths = (
				"$(DERIVED_FILE_DIR)/Pods-AllSee-checkManifestLockResult.txt",
			);
			runOnlyForDeploymentPostprocessing = 0;
			shellPath = /bin/sh;
			shellScript = "diff \"${PODS_PODFILE_DIR_PATH}/Podfile.lock\" \"${PODS_ROOT}/Manifest.lock\" > /dev/null\nif [ $? != 0 ] ; then\n    # print error to STDERR\n    echo \"error: The sandbox is not in sync with the Podfile.lock. Run 'pod install' or update your CocoaPods installation.\" >&2\n    exit 1\nfi\n# This output is used by Xcode 'outputs' to avoid re-running this script phase.\necho \"SUCCESS\" > \"${SCRIPT_OUTPUT_FILE_0}\"\n";
			showEnvVarsInLog = 0;
		};
		A15DB1D0862DCB8195B3CCA6 /* [CP] Check Pods Manifest.lock */ = {
			isa = PBXShellScriptBuildPhase;
			buildActionMask = 2147483647;
			files = (
			);
			inputFileListPaths = (
			);
			inputPaths = (
				"${PODS_PODFILE_DIR_PATH}/Podfile.lock",
				"${PODS_ROOT}/Manifest.lock",
			);
			name = "[CP] Check Pods Manifest.lock";
			outputFileListPaths = (
			);
			outputPaths = (
				"$(DERIVED_FILE_DIR)/Pods-AllSee-AllSeeUITests-checkManifestLockResult.txt",
			);
			runOnlyForDeploymentPostprocessing = 0;
			shellPath = /bin/sh;
			shellScript = "diff \"${PODS_PODFILE_DIR_PATH}/Podfile.lock\" \"${PODS_ROOT}/Manifest.lock\" > /dev/null\nif [ $? != 0 ] ; then\n    # print error to STDERR\n    echo \"error: The sandbox is not in sync with the Podfile.lock. Run 'pod install' or update your CocoaPods installation.\" >&2\n    exit 1\nfi\n# This output is used by Xcode 'outputs' to avoid re-running this script phase.\necho \"SUCCESS\" > \"${SCRIPT_OUTPUT_FILE_0}\"\n";
			showEnvVarsInLog = 0;
		};
		A746DA4BB1A9EF70E8B763F2 /* [CP] Embed Pods Frameworks */ = {
			isa = PBXShellScriptBuildPhase;
			buildActionMask = 2147483647;
			files = (
			);
			inputFileListPaths = (
				"${PODS_ROOT}/Target Support Files/Pods-AllSee-AllSeeUITests/Pods-AllSee-AllSeeUITests-frameworks-${CONFIGURATION}-input-files.xcfilelist",
			);
			inputPaths = (
			);
			name = "[CP] Embed Pods Frameworks";
			outputFileListPaths = (
				"${PODS_ROOT}/Target Support Files/Pods-AllSee-AllSeeUITests/Pods-AllSee-AllSeeUITests-frameworks-${CONFIGURATION}-output-files.xcfilelist",
			);
			outputPaths = (
			);
			runOnlyForDeploymentPostprocessing = 0;
			shellPath = /bin/sh;
			shellScript = "\"${PODS_ROOT}/Target Support Files/Pods-AllSee-AllSeeUITests/Pods-AllSee-AllSeeUITests-frameworks.sh\"\n";
			showEnvVarsInLog = 0;
		};
		C7FC22B2345781EF3D35E74B /* [CP] Embed Pods Frameworks */ = {
			isa = PBXShellScriptBuildPhase;
			buildActionMask = 2147483647;
			files = (
			);
			inputFileListPaths = (
				"${PODS_ROOT}/Target Support Files/Pods-AllSee/Pods-AllSee-frameworks-${CONFIGURATION}-input-files.xcfilelist",
			);
			inputPaths = (
			);
			name = "[CP] Embed Pods Frameworks";
			outputFileListPaths = (
				"${PODS_ROOT}/Target Support Files/Pods-AllSee/Pods-AllSee-frameworks-${CONFIGURATION}-output-files.xcfilelist",
			);
			outputPaths = (
			);
			runOnlyForDeploymentPostprocessing = 0;
			shellPath = /bin/sh;
			shellScript = "\"${PODS_ROOT}/Target Support Files/Pods-AllSee/Pods-AllSee-frameworks.sh\"\n";
			showEnvVarsInLog = 0;
		};
		E104C3CC5171E9017A570823 /* [CP] Embed Pods Frameworks */ = {
			isa = PBXShellScriptBuildPhase;
			buildActionMask = 2147483647;
			files = (
			);
			inputFileListPaths = (
				"${PODS_ROOT}/Target Support Files/Pods-AllSeeTests/Pods-AllSeeTests-frameworks-${CONFIGURATION}-input-files.xcfilelist",
			);
			inputPaths = (
			);
			name = "[CP] Embed Pods Frameworks";
			outputFileListPaths = (
				"${PODS_ROOT}/Target Support Files/Pods-AllSeeTests/Pods-AllSeeTests-frameworks-${CONFIGURATION}-output-files.xcfilelist",
			);
			outputPaths = (
			);
			runOnlyForDeploymentPostprocessing = 0;
			shellPath = /bin/sh;
			shellScript = "\"${PODS_ROOT}/Target Support Files/Pods-AllSeeTests/Pods-AllSeeTests-frameworks.sh\"\n";
			showEnvVarsInLog = 0;
		};
/* End PBXShellScriptBuildPhase section */

/* Begin PBXSourcesBuildPhase section */
		7D5058132E22E2F80096D0C0 /* Sources */ = {
			isa = PBXSourcesBuildPhase;
			buildActionMask = 2147483647;
			files = (
			);
			runOnlyForDeploymentPostprocessing = 0;
		};
		7D5058292E22E2FA0096D0C0 /* Sources */ = {
			isa = PBXSourcesBuildPhase;
			buildActionMask = 2147483647;
			files = (
			);
			runOnlyForDeploymentPostprocessing = 0;
		};
		7D5058332E22E2FA0096D0C0 /* Sources */ = {
			isa = PBXSourcesBuildPhase;
			buildActionMask = 2147483647;
			files = (
			);
			runOnlyForDeploymentPostprocessing = 0;
		};
/* End PBXSourcesBuildPhase section */

/* Begin PBXTargetDependency section */
		7D50582F2E22E2FA0096D0C0 /* PBXTargetDependency */ = {
			isa = PBXTargetDependency;
			target = 7D5058162E22E2F80096D0C0 /* AllSee */;
			targetProxy = 7D50582E2E22E2FA0096D0C0 /* PBXContainerItemProxy */;
		};
		7D5058392E22E2FA0096D0C0 /* PBXTargetDependency */ = {
			isa = PBXTargetDependency;
			target = 7D5058162E22E2F80096D0C0 /* AllSee */;
			targetProxy = 7D5058382E22E2FA0096D0C0 /* PBXContainerItemProxy */;
		};
/* End PBXTargetDependency section */

/* Begin XCBuildConfiguration section */
		7D5058412E22E2FA0096D0C0 /* Debug */ = {
			isa = XCBuildConfiguration;
			baseConfigurationReference = 8F89AE69F555E3D2A3D52FF6 /* Pods-AllSee.debug.xcconfig */;
			buildSettings = {
				ASSETCATALOG_COMPILER_APPICON_NAME = AppIcon;
				ASSETCATALOG_COMPILER_GLOBAL_ACCENT_COLOR_NAME = AccentColor;
				CODE_SIGN_STYLE = Automatic;
				CURRENT_PROJECT_VERSION = 1;
				DEVELOPMENT_TEAM = 685B4G8J9B;
				ENABLE_USER_SCRIPT_SANDBOXING = NO;
				GENERATE_INFOPLIST_FILE = YES;
				INFOPLIST_FILE = AllSee/Info.plist;
				INFOPLIST_KEY_UIApplicationSupportsIndirectInputEvents = YES;
				INFOPLIST_KEY_UILaunchStoryboardName = LaunchScreen;
				INFOPLIST_KEY_UIMainStoryboardFile = "";
				INFOPLIST_KEY_UISupportedInterfaceOrientations_iPad = "UIInterfaceOrientationPortrait UIInterfaceOrientationPortraitUpsideDown UIInterfaceOrientationLandscapeLeft UIInterfaceOrientationLandscapeRight";
				INFOPLIST_KEY_UISupportedInterfaceOrientations_iPhone = "UIInterfaceOrientationPortrait UIInterfaceOrientationLandscapeLeft UIInterfaceOrientationLandscapeRight";
				LD_RUNPATH_SEARCH_PATHS = (
					"$(inherited)",
					"@executable_path/Frameworks",
				);
				MARKETING_VERSION = 1.0;
				PRODUCT_BUNDLE_IDENTIFIER = uk.co.jaffakree.AllSee;
				PRODUCT_NAME = "$(TARGET_NAME)";
				SWIFT_EMIT_LOC_STRINGS = YES;
				SWIFT_VERSION = 5.0;
				TARGETED_DEVICE_FAMILY = "1,2";
			};
			name = Debug;
		};
		7D5058422E22E2FA0096D0C0 /* Release */ = {
			isa = XCBuildConfiguration;
			baseConfigurationReference = 7B1C0728E456444532BC59F9 /* Pods-AllSee.release.xcconfig */;
			buildSettings = {
				ASSETCATALOG_COMPILER_APPICON_NAME = AppIcon;
				ASSETCATALOG_COMPILER_GLOBAL_ACCENT_COLOR_NAME = AccentColor;
				CODE_SIGN_STYLE = Automatic;
				CURRENT_PROJECT_VERSION = 1;
				DEVELOPMENT_TEAM = 685B4G8J9B;
				ENABLE_USER_SCRIPT_SANDBOXING = NO;
				GENERATE_INFOPLIST_FILE = YES;
				INFOPLIST_FILE = AllSee/Info.plist;
				INFOPLIST_KEY_UIApplicationSupportsIndirectInputEvents = YES;
				INFOPLIST_KEY_UILaunchStoryboardName = LaunchScreen;
				INFOPLIST_KEY_UIMainStoryboardFile = "";
				INFOPLIST_KEY_UISupportedInterfaceOrientations_iPad = "UIInterfaceOrientationPortrait UIInterfaceOrientationPortraitUpsideDown UIInterfaceOrientationLandscapeLeft UIInterfaceOrientationLandscapeRight";
				INFOPLIST_KEY_UISupportedInterfaceOrientations_iPhone = "UIInterfaceOrientationPortrait UIInterfaceOrientationLandscapeLeft UIInterfaceOrientationLandscapeRight";
				LD_RUNPATH_SEARCH_PATHS = (
					"$(inherited)",
					"@executable_path/Frameworks",
				);
				MARKETING_VERSION = 1.0;
				PRODUCT_BUNDLE_IDENTIFIER = uk.co.jaffakree.AllSee;
				PRODUCT_NAME = "$(TARGET_NAME)";
				SWIFT_EMIT_LOC_STRINGS = YES;
				SWIFT_VERSION = 5.0;
				TARGETED_DEVICE_FAMILY = "1,2";
			};
			name = Release;
		};
		7D5058432E22E2FA0096D0C0 /* Debug */ = {
			isa = XCBuildConfiguration;
			buildSettings = {
				ALWAYS_SEARCH_USER_PATHS = NO;
				ASSETCATALOG_COMPILER_GENERATE_SWIFT_ASSET_SYMBOL_EXTENSIONS = YES;
				CLANG_ANALYZER_NONNULL = YES;
				CLANG_ANALYZER_NUMBER_OBJECT_CONVERSION = YES_AGGRESSIVE;
				CLANG_CXX_LANGUAGE_STANDARD = "gnu++20";
				CLANG_ENABLE_MODULES = YES;
				CLANG_ENABLE_OBJC_ARC = YES;
				CLANG_ENABLE_OBJC_WEAK = YES;
				CLANG_WARN_BLOCK_CAPTURE_AUTORELEASING = YES;
				CLANG_WARN_BOOL_CONVERSION = YES;
				CLANG_WARN_COMMA = YES;
				CLANG_WARN_CONSTANT_CONVERSION = YES;
				CLANG_WARN_DEPRECATED_OBJC_IMPLEMENTATIONS = YES;
				CLANG_WARN_DIRECT_OBJC_ISA_USAGE = YES_ERROR;
				CLANG_WARN_DOCUMENTATION_COMMENTS = YES;
				CLANG_WARN_EMPTY_BODY = YES;
				CLANG_WARN_ENUM_CONVERSION = YES;
				CLANG_WARN_INFINITE_RECURSION = YES;
				CLANG_WARN_INT_CONVERSION = YES;
				CLANG_WARN_NON_LITERAL_NULL_CONVERSION = YES;
				CLANG_WARN_OBJC_IMPLICIT_RETAIN_SELF = YES;
				CLANG_WARN_OBJC_LITERAL_CONVERSION = YES;
				CLANG_WARN_OBJC_ROOT_CLASS = YES_ERROR;
				CLANG_WARN_QUOTED_INCLUDE_IN_FRAMEWORK_HEADER = YES;
				CLANG_WARN_RANGE_LOOP_ANALYSIS = YES;
				CLANG_WARN_STRICT_PROTOTYPES = YES;
				CLANG_WARN_SUSPICIOUS_MOVE = YES;
				CLANG_WARN_UNGUARDED_AVAILABILITY = YES_AGGRESSIVE;
				CLANG_WARN_UNREACHABLE_CODE = YES;
				CLANG_WARN__DUPLICATE_METHOD_MATCH = YES;
				COPY_PHASE_STRIP = NO;
				DEBUG_INFORMATION_FORMAT = dwarf;
				DEVELOPMENT_TEAM = 685B4G8J9B;
				ENABLE_STRICT_OBJC_MSGSEND = YES;
				ENABLE_TESTABILITY = YES;
				ENABLE_USER_SCRIPT_SANDBOXING = YES;
				GCC_C_LANGUAGE_STANDARD = gnu17;
				GCC_DYNAMIC_NO_PIC = NO;
				GCC_NO_COMMON_BLOCKS = YES;
				GCC_OPTIMIZATION_LEVEL = 0;
				GCC_PREPROCESSOR_DEFINITIONS = (
					"DEBUG=1",
					"$(inherited)",
				);
				GCC_WARN_64_TO_32_BIT_CONVERSION = YES;
				GCC_WARN_ABOUT_RETURN_TYPE = YES_ERROR;
				GCC_WARN_UNDECLARED_SELECTOR = YES;
				GCC_WARN_UNINITIALIZED_AUTOS = YES_AGGRESSIVE;
				GCC_WARN_UNUSED_FUNCTION = YES;
				GCC_WARN_UNUSED_VARIABLE = YES;
				IPHONEOS_DEPLOYMENT_TARGET = 18.5;
				LOCALIZATION_PREFERS_STRING_CATALOGS = YES;
				MTL_ENABLE_DEBUG_INFO = INCLUDE_SOURCE;
				MTL_FAST_MATH = YES;
				ONLY_ACTIVE_ARCH = YES;
				SDKROOT = iphoneos;
				SWIFT_ACTIVE_COMPILATION_CONDITIONS = "DEBUG $(inherited)";
				SWIFT_OPTIMIZATION_LEVEL = "-Onone";
			};
			name = Debug;
		};
		7D5058442E22E2FA0096D0C0 /* Release */ = {
			isa = XCBuildConfiguration;
			buildSettings = {
				ALWAYS_SEARCH_USER_PATHS = NO;
				ASSETCATALOG_COMPILER_GENERATE_SWIFT_ASSET_SYMBOL_EXTENSIONS = YES;
				CLANG_ANALYZER_NONNULL = YES;
				CLANG_ANALYZER_NUMBER_OBJECT_CONVERSION = YES_AGGRESSIVE;
				CLANG_CXX_LANGUAGE_STANDARD = "gnu++20";
				CLANG_ENABLE_MODULES = YES;
				CLANG_ENABLE_OBJC_ARC = YES;
				CLANG_ENABLE_OBJC_WEAK = YES;
				CLANG_WARN_BLOCK_CAPTURE_AUTORELEASING = YES;
				CLANG_WARN_BOOL_CONVERSION = YES;
				CLANG_WARN_COMMA = YES;
				CLANG_WARN_CONSTANT_CONVERSION = YES;
				CLANG_WARN_DEPRECATED_OBJC_IMPLEMENTATIONS = YES;
				CLANG_WARN_DIRECT_OBJC_ISA_USAGE = YES_ERROR;
				CLANG_WARN_DOCUMENTATION_COMMENTS = YES;
				CLANG_WARN_EMPTY_BODY = YES;
				CLANG_WARN_ENUM_CONVERSION = YES;
				CLANG_WARN_INFINITE_RECURSION = YES;
				CLANG_WARN_INT_CONVERSION = YES;
				CLANG_WARN_NON_LITERAL_NULL_CONVERSION = YES;
				CLANG_WARN_OBJC_IMPLICIT_RETAIN_SELF = YES;
				CLANG_WARN_OBJC_LITERAL_CONVERSION = YES;
				CLANG_WARN_OBJC_ROOT_CLASS = YES_ERROR;
				CLANG_WARN_QUOTED_INCLUDE_IN_FRAMEWORK_HEADER = YES;
				CLANG_WARN_RANGE_LOOP_ANALYSIS = YES;
				CLANG_WARN_STRICT_PROTOTYPES = YES;
				CLANG_WARN_SUSPICIOUS_MOVE = YES;
				CLANG_WARN_UNGUARDED_AVAILABILITY = YES_AGGRESSIVE;
				CLANG_WARN_UNREACHABLE_CODE = YES;
				CLANG_WARN__DUPLICATE_METHOD_MATCH = YES;
				COPY_PHASE_STRIP = NO;
				DEBUG_INFORMATION_FORMAT = "dwarf-with-dsym";
				DEVELOPMENT_TEAM = 685B4G8J9B;
				ENABLE_NS_ASSERTIONS = NO;
				ENABLE_STRICT_OBJC_MSGSEND = YES;
				ENABLE_USER_SCRIPT_SANDBOXING = YES;
				GCC_C_LANGUAGE_STANDARD = gnu17;
				GCC_NO_COMMON_BLOCKS = YES;
				GCC_WARN_64_TO_32_BIT_CONVERSION = YES;
				GCC_WARN_ABOUT_RETURN_TYPE = YES_ERROR;
				GCC_WARN_UNDECLARED_SELECTOR = YES;
				GCC_WARN_UNINITIALIZED_AUTOS = YES_AGGRESSIVE;
				GCC_WARN_UNUSED_FUNCTION = YES;
				GCC_WARN_UNUSED_VARIABLE = YES;
				IPHONEOS_DEPLOYMENT_TARGET = 18.5;
				LOCALIZATION_PREFERS_STRING_CATALOGS = YES;
				MTL_ENABLE_DEBUG_INFO = NO;
				MTL_FAST_MATH = YES;
				SDKROOT = iphoneos;
				SWIFT_COMPILATION_MODE = wholemodule;
				VALIDATE_PRODUCT = YES;
			};
			name = Release;
		};
		7D5058462E22E2FA0096D0C0 /* Debug */ = {
			isa = XCBuildConfiguration;
			baseConfigurationReference = ADAB22804124FA7D50C05CFD /* Pods-AllSeeTests.debug.xcconfig */;
			buildSettings = {
				BUNDLE_LOADER = "$(TEST_HOST)";
				CODE_SIGN_STYLE = Automatic;
				CURRENT_PROJECT_VERSION = 1;
				DEVELOPMENT_TEAM = 685B4G8J9B;
				ENABLE_USER_SCRIPT_SANDBOXING = NO;
				GENERATE_INFOPLIST_FILE = YES;
				IPHONEOS_DEPLOYMENT_TARGET = 18.5;
				MARKETING_VERSION = 1.0;
				PRODUCT_BUNDLE_IDENTIFIER = uk.co.jaffakree.AllSeeTests;
				PRODUCT_NAME = "$(TARGET_NAME)";
				SWIFT_EMIT_LOC_STRINGS = NO;
				SWIFT_VERSION = 5.0;
				TARGETED_DEVICE_FAMILY = "1,2";
				TEST_HOST = "$(BUILT_PRODUCTS_DIR)/AllSee.app/$(BUNDLE_EXECUTABLE_FOLDER_PATH)/AllSee";
			};
			name = Debug;
		};
		7D5058472E22E2FA0096D0C0 /* Release */ = {
			isa = XCBuildConfiguration;
			baseConfigurationReference = 14D25482B343B76405315178 /* Pods-AllSeeTests.release.xcconfig */;
			buildSettings = {
				BUNDLE_LOADER = "$(TEST_HOST)";
				CODE_SIGN_STYLE = Automatic;
				CURRENT_PROJECT_VERSION = 1;
				DEVELOPMENT_TEAM = 685B4G8J9B;
				ENABLE_USER_SCRIPT_SANDBOXING = NO;
				GENERATE_INFOPLIST_FILE = YES;
				IPHONEOS_DEPLOYMENT_TARGET = 18.5;
				MARKETING_VERSION = 1.0;
				PRODUCT_BUNDLE_IDENTIFIER = uk.co.jaffakree.AllSeeTests;
				PRODUCT_NAME = "$(TARGET_NAME)";
				SWIFT_EMIT_LOC_STRINGS = NO;
				SWIFT_VERSION = 5.0;
				TARGETED_DEVICE_FAMILY = "1,2";
				TEST_HOST = "$(BUILT_PRODUCTS_DIR)/AllSee.app/$(BUNDLE_EXECUTABLE_FOLDER_PATH)/AllSee";
			};
			name = Release;
		};
		7D5058492E22E2FA0096D0C0 /* Debug */ = {
			isa = XCBuildConfiguration;
			baseConfigurationReference = 4858A006CA6843AA0F3930B3 /* Pods-AllSee-AllSeeUITests.debug.xcconfig */;
			buildSettings = {
				CODE_SIGN_STYLE = Automatic;
				CURRENT_PROJECT_VERSION = 1;
				DEVELOPMENT_TEAM = 685B4G8J9B;
				ENABLE_USER_SCRIPT_SANDBOXING = NO;
				GENERATE_INFOPLIST_FILE = YES;
				MARKETING_VERSION = 1.0;
				PRODUCT_BUNDLE_IDENTIFIER = uk.co.jaffakree.AllSeeUITests;
				PRODUCT_NAME = "$(TARGET_NAME)";
				SWIFT_EMIT_LOC_STRINGS = NO;
				SWIFT_VERSION = 5.0;
				TARGETED_DEVICE_FAMILY = "1,2";
				TEST_TARGET_NAME = AllSee;
			};
			name = Debug;
		};
		7D50584A2E22E2FA0096D0C0 /* Release */ = {
			isa = XCBuildConfiguration;
			baseConfigurationReference = 698C28B8D3861E2583622A57 /* Pods-AllSee-AllSeeUITests.release.xcconfig */;
			buildSettings = {
				CODE_SIGN_STYLE = Automatic;
				CURRENT_PROJECT_VERSION = 1;
				DEVELOPMENT_TEAM = 685B4G8J9B;
				ENABLE_USER_SCRIPT_SANDBOXING = NO;
				GENERATE_INFOPLIST_FILE = YES;
				MARKETING_VERSION = 1.0;
				PRODUCT_BUNDLE_IDENTIFIER = uk.co.jaffakree.AllSeeUITests;
				PRODUCT_NAME = "$(TARGET_NAME)";
				SWIFT_EMIT_LOC_STRINGS = NO;
				SWIFT_VERSION = 5.0;
				TARGETED_DEVICE_FAMILY = "1,2";
				TEST_TARGET_NAME = AllSee;
			};
			name = Release;
		};
/* End XCBuildConfiguration section */

/* Begin XCConfigurationList section */
		7D5058122E22E2F80096D0C0 /* Build configuration list for PBXProject "AllSee" */ = {
			isa = XCConfigurationList;
			buildConfigurations = (
				7D5058432E22E2FA0096D0C0 /* Debug */,
				7D5058442E22E2FA0096D0C0 /* Release */,
			);
			defaultConfigurationIsVisible = 0;
			defaultConfigurationName = Release;
		};
		7D5058402E22E2FA0096D0C0 /* Build configuration list for PBXNativeTarget "AllSee" */ = {
			isa = XCConfigurationList;
			buildConfigurations = (
				7D5058412E22E2FA0096D0C0 /* Debug */,
				7D5058422E22E2FA0096D0C0 /* Release */,
			);
			defaultConfigurationIsVisible = 0;
			defaultConfigurationName = Release;
		};
		7D5058452E22E2FA0096D0C0 /* Build configuration list for PBXNativeTarget "AllSeeTests" */ = {
			isa = XCConfigurationList;
			buildConfigurations = (
				7D5058462E22E2FA0096D0C0 /* Debug */,
				7D5058472E22E2FA0096D0C0 /* Release */,
			);
			defaultConfigurationIsVisible = 0;
			defaultConfigurationName = Release;
		};
		7D5058482E22E2FA0096D0C0 /* Build configuration list for PBXNativeTarget "AllSeeUITests" */ = {
			isa = XCConfigurationList;
			buildConfigurations = (
				7D5058492E22E2FA0096D0C0 /* Debug */,
				7D50584A2E22E2FA0096D0C0 /* Release */,
			);
			defaultConfigurationIsVisible = 0;
			defaultConfigurationName = Release;
		};
/* End XCConfigurationList section */
	};
	rootObject = 7D50580F2E22E2F80096D0C0 /* Project object */;
}
